version = 1
requires-python = ">=3.12"

[[package]]
name = "advent-of-code"
version = "0.1.0"
source = { virtual = "." }
dependencies = [
    { name = "pywatchman" },
]

[package.metadata]
requires-dist = [{ name = "pywatchman", specifier = ">=2.0.0" }]

[[package]]
name = "pywatchman"
version = "2.0.0"
source = { registry = "https://pypi.org/simple" }
sdist = { url = "https://files.pythonhosted.org/packages/cf/39/fc10dd952ac72a3a293936cd66a4551fdeb9012d2db99234a376100641ce/pywatchman-2.0.0.tar.gz", hash = "sha256:25354d9e3647f94411a4c13e510c83a1ceecc17977b0525ba41b16e7019c7b0c", size = 40570 }
wheels = [
    { url = "https://files.pythonhosted.org/packages/51/7f/5d68d803489770cffa5d2b44be99b978c866f8a4d8e835f9da850415ed8a/pywatchman-2.0.0-cp312-cp312-macosx_14_0_arm64.whl", hash = "sha256:51c2b4c72bea6b9fd90caf20759f5bc47febf0fd27bf2f247b87c66e2f6bab02", size = 52557 },
]
