version = 1
requires-python = ">=3.12"

[[package]]
name = "advent-of-code"
version = "0.1.0"
source = { virtual = "." }
dependencies = [
    { name = "google-re2" },
    { name = "pywatchman" },
]

[package.metadata]
requires-dist = [
    { name = "google-re2", specifier = ">=1.1.20240702" },
    { name = "pywatchman", specifier = ">=2.0.0" },
]

[[package]]
name = "google-re2"
version = "1.1.20240702"
source = { registry = "https://pypi.org/simple" }
sdist = { url = "https://files.pythonhosted.org/packages/81/34/ea9bfa2afbb6847b7bc7f90ab927dd31fcd7f478062a8a10045059367de1/google_re2-1.1.20240702.tar.gz", hash = "sha256:8788db69f6c93cb229df62c74b2d9aa8e64bf754e9495700f85812afa32efd2b", size = 11626 }
wheels = [
    { url = "https://files.pythonhosted.org/packages/70/06/8223970d21531d7a544873c6c7439b4ec2fb8c4252cd16dafe975f71aa35/google_re2-1.1.20240702-1-cp312-cp312-macosx_12_0_arm64.whl", hash = "sha256:00dcb09b15f92b490ae52f328cca229de2a157c8748f10df94dfea7637d32617", size = 465431 },
    { url = "https://files.pythonhosted.org/packages/29/ad/08d2d2690d6ea395e752c8623712c5150395179605b289df7ac9573cd50e/google_re2-1.1.20240702-1-cp312-cp312-macosx_12_0_x86_64.whl", hash = "sha256:2ffc6fbe70ccf9fb66d0ab16ccad0f661031ceb0eec3d73d170cd782a93d62d5", size = 491052 },
    { url = "https://files.pythonhosted.org/packages/fe/37/9a838d721c37d1dfafd9bf7be31be42b6b2e8ecaa5acc2fbc7cfa4c02b58/google_re2-1.1.20240702-1-cp312-cp312-macosx_13_0_arm64.whl", hash = "sha256:652e517b6db6cbf7403bab370940718208b15e811fefe7635d4e78a8037f096b", size = 461270 },
    { url = "https://files.pythonhosted.org/packages/74/62/f63bf6f4f2cce7f490d11673399d5fd78e7fd8e4d94f0adb16b0108f3b89/google_re2-1.1.20240702-1-cp312-cp312-macosx_13_0_x86_64.whl", hash = "sha256:449ae8286d644d24af8a6eb81eeba6995388581739920b80d9e4b063eefe0322", size = 491304 },
    { url = "https://files.pythonhosted.org/packages/24/5c/b241248f0e5db3d2a326342fe8adb558bad6fe382802e201381b0e70ab04/google_re2-1.1.20240702-1-cp312-cp312-macosx_14_0_arm64.whl", hash = "sha256:40568559b0a10240c10377fb5cdd46c9115da8a627c567db68c4dc29103a2ce9", size = 461271 },
    { url = "https://files.pythonhosted.org/packages/ce/8b/ec12f86a4da850a4f7facbb9ad0c62f1d56c2825227a6393f9d287b3244d/google_re2-1.1.20240702-1-cp312-cp312-macosx_14_0_x86_64.whl", hash = "sha256:8139df33d61aac335726b6f32108e763ba2932569c63d2b3ebf6e36a40449223", size = 491305 },
    { url = "https://files.pythonhosted.org/packages/01/43/87ec7735b7a5162df33aa205c3ad7828e542fbb7f5505a27a7da7c8132fe/google_re2-1.1.20240702-1-cp312-cp312-manylinux_2_24_aarch64.manylinux_2_28_aarch64.whl", hash = "sha256:7e4a2b88516b4140891a014c6e5b774f57db90c8bd0ccf0554e9f9b99ee1e942", size = 537958 },
    { url = "https://files.pythonhosted.org/packages/a3/3e/7eba5be6ad3ecba8d2b6e947966931209d8462a165dbaf5a60ae20fed25f/google_re2-1.1.20240702-1-cp312-cp312-manylinux_2_24_x86_64.manylinux_2_28_x86_64.whl", hash = "sha256:d95b1e06298299b28e23288a6bfd3c6f13e0f7a01c1f2e86e74073928676cf88", size = 546774 },
    { url = "https://files.pythonhosted.org/packages/e2/f6/8f7f280d020d771002aaab9c1fec3f8174a8ca281f58376ffb8fae314b6e/google_re2-1.1.20240702-1-cp312-cp312-win32.whl", hash = "sha256:fb025d4bcd1a3032546da048a6dcb39359967f4df6b3514e76e983256235f694", size = 421768 },
    { url = "https://files.pythonhosted.org/packages/ce/11/fd759e766f824ef55e743d9e6096a38500c9c3b40e614667ad259e11026f/google_re2-1.1.20240702-1-cp312-cp312-win_amd64.whl", hash = "sha256:a7e3129d31e12d51397d603adf45bd696135a5d9d61bc33643bc5d2e4366070b", size = 497133 },
]

[[package]]
name = "pywatchman"
version = "2.0.0"
source = { registry = "https://pypi.org/simple" }
sdist = { url = "https://files.pythonhosted.org/packages/cf/39/fc10dd952ac72a3a293936cd66a4551fdeb9012d2db99234a376100641ce/pywatchman-2.0.0.tar.gz", hash = "sha256:25354d9e3647f94411a4c13e510c83a1ceecc17977b0525ba41b16e7019c7b0c", size = 40570 }
wheels = [
    { url = "https://files.pythonhosted.org/packages/51/7f/5d68d803489770cffa5d2b44be99b978c866f8a4d8e835f9da850415ed8a/pywatchman-2.0.0-cp312-cp312-macosx_14_0_arm64.whl", hash = "sha256:51c2b4c72bea6b9fd90caf20759f5bc47febf0fd27bf2f247b87c66e2f6bab02", size = 52557 },
]
